<?xml version="1.0" encoding="utf-8"?>
<Project ToolsVersion="4.0" xmlns="http://schemas.microsoft.com/developer/msbuild/2003">
  <ItemGroup>
    <Filter Include="src">
      <UniqueIdentifier>{5a052005-5f37-4bcb-a0ea-e21a996314f2}</UniqueIdentifier>
    </Filter>
  </ItemGroup>
  <ItemGroup>
    <ClCompile Include="src\gtest-typed-test.cc">
      <Filter>src</Filter>
    </ClCompile>
    <ClCompile Include="src\gtest.cc">
      <Filter>src</Filter>
    </ClCompile>
    <ClCompile Include="src\gtest-death-test.cc">
      <Filter>src</Filter>
    </ClCompile>
    <ClCompile Include="src\gtest-filepath.cc">
      <Filter>src</Filter>
    </ClCompile>
    <ClCompile Include="src\gtest-port.cc">
      <Filter>src</Filter>
    </ClCompile>
    <ClCompile Include="src\gtest-printers.cc">
      <Filter>src</Filter>
    </ClCompile>
    <ClCompile Include="src\gtest-test-part.cc">
      <Filter>src</Filter>
    </ClCompile>
  </ItemGroup>
  <ItemGroup>
    <ClInclude Include="src\gtest-internal-inl.h">
      <Filter>src</Filter>
    </ClInclude>
  </ItemGroup>
</Project>